
Microsoft Visual Studio Solution File, Format Version 12.00
# Visual Studio Version 17
VisualStudioVersion = 17.0.31903.59
MinimumVisualStudioVersion = 10.0.40219.1
Project("{2150E333-8FDC-42A3-9474-1A3956D46DE8}") = "src", "src", "{25DAC237-C0B3-4E90-851C-C90B388CCFE5}"
EndProject
Project("{9A19103F-16F7-4668-BE54-9A1E7A4F7556}") = "Domain", "src\Domain\Domain.csproj", "{A7E43AA7-7911-4D8A-AFD3-CCA6CACD7BB6}"
EndProject
Project("{9A19103F-16F7-4668-BE54-9A1E7A4F7556}") = "Infrastructure", "src\Infrastructure\Infrastructure.csproj", "{FCA8EF55-F7B4-40FE-B70A-B6986FCA2AAC}"
EndProject
Project("{9A19103F-16F7-4668-BE54-9A1E7A4F7556}") = "API", "src\API\API.csproj", "{839B57CB-6CC4-4FFB-AAE1-0F5409778A7F}"
EndProject
Project("{9A19103F-16F7-4668-BE54-9A1E7A4F7556}") = "Application", "src\Application\Application.csproj", "{0BA3C581-9B04-4A45-8E5E-B5706B4F99BC}"
EndProject
Project("{2150E333-8FDC-42A3-9474-1A3956D46DE8}") = "tests", "tests", "{0AB3BF05-4346-4AA6-1389-037BE0695223}"
EndProject
Project("{FAE04EC0-301F-11D3-BF4B-00C04F79EFBC}") = "Domain.UnitTests", "tests\Domain.UnitTests\Domain.UnitTests.csproj", "{55504C8C-F9AE-4A66-A29D-2B99E206D3BB}"
EndProject
Global
	GlobalSection(SolutionConfigurationPlatforms) = preSolution
		Debug|Any CPU = Debug|Any CPU
		Debug|x64 = Debug|x64
		Debug|x86 = Debug|x86
		Release|Any CPU = Release|Any CPU
		Release|x64 = Release|x64
		Release|x86 = Release|x86
	EndGlobalSection
	GlobalSection(ProjectConfigurationPlatforms) = postSolution
		{A7E43AA7-7911-4D8A-AFD3-CCA6CACD7BB6}.Debug|Any CPU.ActiveCfg = Debug|Any CPU
		{A7E43AA7-7911-4D8A-AFD3-CCA6CACD7BB6}.Debug|Any CPU.Build.0 = Debug|Any CPU
		{A7E43AA7-7911-4D8A-AFD3-CCA6CACD7BB6}.Debug|x64.ActiveCfg = Debug|Any CPU
		{A7E43AA7-7911-4D8A-AFD3-CCA6CACD7BB6}.Debug|x64.Build.0 = Debug|Any CPU
		{A7E43AA7-7911-4D8A-AFD3-CCA6CACD7BB6}.Debug|x86.ActiveCfg = Debug|Any CPU
		{A7E43AA7-7911-4D8A-AFD3-CCA6CACD7BB6}.Debug|x86.Build.0 = Debug|Any CPU
		{A7E43AA7-7911-4D8A-AFD3-CCA6CACD7BB6}.Release|Any CPU.ActiveCfg = Release|Any CPU
		{A7E43AA7-7911-4D8A-AFD3-CCA6CACD7BB6}.Release|Any CPU.Build.0 = Release|Any CPU
		{A7E43AA7-7911-4D8A-AFD3-CCA6CACD7BB6}.Release|x64.ActiveCfg = Release|Any CPU
		{A7E43AA7-7911-4D8A-AFD3-CCA6CACD7BB6}.Release|x64.Build.0 = Release|Any CPU
		{A7E43AA7-7911-4D8A-AFD3-CCA6CACD7BB6}.Release|x86.ActiveCfg = Release|Any CPU
		{A7E43AA7-7911-4D8A-AFD3-CCA6CACD7BB6}.Release|x86.Build.0 = Release|Any CPU
		{FCA8EF55-F7B4-40FE-B70A-B6986FCA2AAC}.Debug|Any CPU.ActiveCfg = Debug|Any CPU
		{FCA8EF55-F7B4-40FE-B70A-B6986FCA2AAC}.Debug|Any CPU.Build.0 = Debug|Any CPU
		{FCA8EF55-F7B4-40FE-B70A-B6986FCA2AAC}.Debug|x64.ActiveCfg = Debug|Any CPU
		{FCA8EF55-F7B4-40FE-B70A-B6986FCA2AAC}.Debug|x64.Build.0 = Debug|Any CPU
		{FCA8EF55-F7B4-40FE-B70A-B6986FCA2AAC}.Debug|x86.ActiveCfg = Debug|Any CPU
		{FCA8EF55-F7B4-40FE-B70A-B6986FCA2AAC}.Debug|x86.Build.0 = Debug|Any CPU
		{FCA8EF55-F7B4-40FE-B70A-B6986FCA2AAC}.Release|Any CPU.ActiveCfg = Release|Any CPU
		{FCA8EF55-F7B4-40FE-B70A-B6986FCA2AAC}.Release|Any CPU.Build.0 = Release|Any CPU
		{FCA8EF55-F7B4-40FE-B70A-B6986FCA2AAC}.Release|x64.ActiveCfg = Release|Any CPU
		{FCA8EF55-F7B4-40FE-B70A-B6986FCA2AAC}.Release|x64.Build.0 = Release|Any CPU
		{FCA8EF55-F7B4-40FE-B70A-B6986FCA2AAC}.Release|x86.ActiveCfg = Release|Any CPU
		{FCA8EF55-F7B4-40FE-B70A-B6986FCA2AAC}.Release|x86.Build.0 = Release|Any CPU
		{839B57CB-6CC4-4FFB-AAE1-0F5409778A7F}.Debug|Any CPU.ActiveCfg = Debug|Any CPU
		{839B57CB-6CC4-4FFB-AAE1-0F5409778A7F}.Debug|Any CPU.Build.0 = Debug|Any CPU
		{839B57CB-6CC4-4FFB-AAE1-0F5409778A7F}.Debug|x64.ActiveCfg = Debug|Any CPU
		{839B57CB-6CC4-4FFB-AAE1-0F5409778A7F}.Debug|x64.Build.0 = Debug|Any CPU
		{839B57CB-6CC4-4FFB-AAE1-0F5409778A7F}.Debug|x86.ActiveCfg = Debug|Any CPU
		{839B57CB-6CC4-4FFB-AAE1-0F5409778A7F}.Debug|x86.Build.0 = Debug|Any CPU
		{839B57CB-6CC4-4FFB-AAE1-0F5409778A7F}.Release|Any CPU.ActiveCfg = Release|Any CPU
		{839B57CB-6CC4-4FFB-AAE1-0F5409778A7F}.Release|Any CPU.Build.0 = Release|Any CPU
		{839B57CB-6CC4-4FFB-AAE1-0F5409778A7F}.Release|x64.ActiveCfg = Release|Any CPU
		{839B57CB-6CC4-4FFB-AAE1-0F5409778A7F}.Release|x64.Build.0 = Release|Any CPU
		{839B57CB-6CC4-4FFB-AAE1-0F5409778A7F}.Release|x86.ActiveCfg = Release|Any CPU
		{839B57CB-6CC4-4FFB-AAE1-0F5409778A7F}.Release|x86.Build.0 = Release|Any CPU
		{0BA3C581-9B04-4A45-8E5E-B5706B4F99BC}.Debug|Any CPU.ActiveCfg = Debug|Any CPU
		{0BA3C581-9B04-4A45-8E5E-B5706B4F99BC}.Debug|Any CPU.Build.0 = Debug|Any CPU
		{0BA3C581-9B04-4A45-8E5E-B5706B4F99BC}.Debug|x64.ActiveCfg = Debug|Any CPU
		{0BA3C581-9B04-4A45-8E5E-B5706B4F99BC}.Debug|x64.Build.0 = Debug|Any CPU
		{0BA3C581-9B04-4A45-8E5E-B5706B4F99BC}.Debug|x86.ActiveCfg = Debug|Any CPU
		{0BA3C581-9B04-4A45-8E5E-B5706B4F99BC}.Debug|x86.Build.0 = Debug|Any CPU
		{0BA3C581-9B04-4A45-8E5E-B5706B4F99BC}.Release|Any CPU.ActiveCfg = Release|Any CPU
		{0BA3C581-9B04-4A45-8E5E-B5706B4F99BC}.Release|Any CPU.Build.0 = Release|Any CPU
		{0BA3C581-9B04-4A45-8E5E-B5706B4F99BC}.Release|x64.ActiveCfg = Release|Any CPU
		{0BA3C581-9B04-4A45-8E5E-B5706B4F99BC}.Release|x64.Build.0 = Release|Any CPU
		{0BA3C581-9B04-4A45-8E5E-B5706B4F99BC}.Release|x86.ActiveCfg = Release|Any CPU
		{0BA3C581-9B04-4A45-8E5E-B5706B4F99BC}.Release|x86.Build.0 = Release|Any CPU
		{55504C8C-F9AE-4A66-A29D-2B99E206D3BB}.Debug|Any CPU.ActiveCfg = Debug|Any CPU
		{55504C8C-F9AE-4A66-A29D-2B99E206D3BB}.Debug|Any CPU.Build.0 = Debug|Any CPU
		{55504C8C-F9AE-4A66-A29D-2B99E206D3BB}.Debug|x64.ActiveCfg = Debug|Any CPU
		{55504C8C-F9AE-4A66-A29D-2B99E206D3BB}.Debug|x64.Build.0 = Debug|Any CPU
		{55504C8C-F9AE-4A66-A29D-2B99E206D3BB}.Debug|x86.ActiveCfg = Debug|Any CPU
		{55504C8C-F9AE-4A66-A29D-2B99E206D3BB}.Debug|x86.Build.0 = Debug|Any CPU
		{55504C8C-F9AE-4A66-A29D-2B99E206D3BB}.Release|Any CPU.ActiveCfg = Release|Any CPU
		{55504C8C-F9AE-4A66-A29D-2B99E206D3BB}.Release|Any CPU.Build.0 = Release|Any CPU
		{55504C8C-F9AE-4A66-A29D-2B99E206D3BB}.Release|x64.ActiveCfg = Release|Any CPU
		{55504C8C-F9AE-4A66-A29D-2B99E206D3BB}.Release|x64.Build.0 = Release|Any CPU
		{55504C8C-F9AE-4A66-A29D-2B99E206D3BB}.Release|x86.ActiveCfg = Release|Any CPU
		{55504C8C-F9AE-4A66-A29D-2B99E206D3BB}.Release|x86.Build.0 = Release|Any CPU
	EndGlobalSection
	GlobalSection(SolutionProperties) = preSolution
		HideSolutionNode = FALSE
	EndGlobalSection
	GlobalSection(NestedProjects) = preSolution
		{A7E43AA7-7911-4D8A-AFD3-CCA6CACD7BB6} = {25DAC237-C0B3-4E90-851C-C90B388CCFE5}
		{FCA8EF55-F7B4-40FE-B70A-B6986FCA2AAC} = {25DAC237-C0B3-4E90-851C-C90B388CCFE5}
		{839B57CB-6CC4-4FFB-AAE1-0F5409778A7F} = {25DAC237-C0B3-4E90-851C-C90B388CCFE5}
		{0BA3C581-9B04-4A45-8E5E-B5706B4F99BC} = {25DAC237-C0B3-4E90-851C-C90B388CCFE5}
		{55504C8C-F9AE-4A66-A29D-2B99E206D3BB} = {0AB3BF05-4346-4AA6-1389-037BE0695223}
	EndGlobalSection
EndGlobal
